// !$*UTF8*$!
{
	archiveVersion = 1;
	classes = {
	};
	objectVersion = 50;
	objects = {

/* Begin PBXBuildFile section */
		D22870F423FEADFB005297F2 /* Renderer.m in Sources */ = {isa = PBXBuildFile; fileRef = D22870F323FEADFA005297F2 /* Renderer.m */; };
		D2D4040F23F10BB20006281D /* AAPLColorResolve.metal in Sources */ = {isa = PBXBuildFile; fileRef = D2D4040D23F10BB20006281D /* AAPLColorResolve.metal */; };
		D2D4867223EF19D400BA4A8A /* AppDelegate.m in Sources */ = {isa = PBXBuildFile; fileRef = D2D4867123EF19D400BA4A8A /* AppDelegate.m */; };
		D2D4867823EF19D400BA4A8A /* GameViewController.m in Sources */ = {isa = PBXBuildFile; fileRef = D2D4867723EF19D400BA4A8A /* GameViewController.m */; };
		D2D4867A23EF19D400BA4A8A /* Shaders.metal in Sources */ = {isa = PBXBuildFile; fileRef = D2D4867923EF19D400BA4A8A /* Shaders.metal */; };
		D2D4867E23EF19D400BA4A8A /* Main.storyboard in Resources */ = {isa = PBXBuildFile; fileRef = D2D4867C23EF19D400BA4A8A /* Main.storyboard */; };
		D2D4868023EF19D700BA4A8A /* Assets.xcassets in Resources */ = {isa = PBXBuildFile; fileRef = D2D4867F23EF19D700BA4A8A /* Assets.xcassets */; };
		D2D4868323EF19D700BA4A8A /* LaunchScreen.storyboard in Resources */ = {isa = PBXBuildFile; fileRef = D2D4868123EF19D700BA4A8A /* LaunchScreen.storyboard */; };
		D2D4868623EF19D700BA4A8A /* main.m in Sources */ = {isa = PBXBuildFile; fileRef = D2D4868523EF19D700BA4A8A /* main.m */; };
/* End PBXBuildFile section */

/* Begin PBXFileReference section */
		D22870F223FEADFA005297F2 /* Renderer.h */ = {isa = PBXFileReference; fileEncoding = 4; lastKnownFileType = sourcecode.c.h; path = Renderer.h; sourceTree = "<group>"; };
		D22870F323FEADFA005297F2 /* Renderer.m */ = {isa = PBXFileReference; fileEncoding = 4; lastKnownFileType = sourcecode.c.objc; path = Renderer.m; sourceTree = "<group>"; };
		D2D4040D23F10BB20006281D /* AAPLColorResolve.metal */ = {isa = PBXFileReference; fileEncoding = 4; lastKnownFileType = sourcecode.metal; path = AAPLColorResolve.metal; sourceTree = "<group>"; };
		D2D4866D23EF19D400BA4A8A /* MetalMSAADemo.app */ = {isa = PBXFileReference; explicitFileType = wrapper.application; includeInIndex = 0; path = MetalMSAADemo.app; sourceTree = BUILT_PRODUCTS_DIR; };
		D2D4867023EF19D400BA4A8A /* AppDelegate.h */ = {isa = PBXFileReference; lastKnownFileType = sourcecode.c.h; path = AppDelegate.h; sourceTree = "<group>"; };
		D2D4867123EF19D400BA4A8A /* AppDelegate.m */ = {isa = PBXFileReference; lastKnownFileType = sourcecode.c.objc; path = AppDelegate.m; sourceTree = "<group>"; };
		D2D4867623EF19D400BA4A8A /* GameViewController.h */ = {isa = PBXFileReference; lastKnownFileType = sourcecode.c.h; path = GameViewController.h; sourceTree = "<group>"; };
		D2D4867723EF19D400BA4A8A /* GameViewController.m */ = {isa = PBXFileReference; lastKnownFileType = sourcecode.c.objc; path = GameViewController.m; sourceTree = "<group>"; };
		D2D4867923EF19D400BA4A8A /* Shaders.metal */ = {isa = PBXFileReference; lastKnownFileType = sourcecode.metal; path = Shaders.metal; sourceTree = "<group>"; };
		D2D4867B23EF19D400BA4A8A /* ShaderTypes.h */ = {isa = PBXFileReference; lastKnownFileType = sourcecode.c.h; path = ShaderTypes.h; sourceTree = "<group>"; };
		D2D4867D23EF19D400BA4A8A /* Base */ = {isa = PBXFileReference; lastKnownFileType = file.storyboard; name = Base; path = Base.lproj/Main.storyboard; sourceTree = "<group>"; };
		D2D4867F23EF19D700BA4A8A /* Assets.xcassets */ = {isa = PBXFileReference; lastKnownFileType = folder.assetcatalog; path = Assets.xcassets; sourceTree = "<group>"; };
		D2D4868223EF19D700BA4A8A /* Base */ = {isa = PBXFileReference; lastKnownFileType = file.storyboard; name = Base; path = Base.lproj/LaunchScreen.storyboard; sourceTree = "<group>"; };
		D2D4868423EF19D700BA4A8A /* Info.plist */ = {isa = PBXFileReference; lastKnownFileType = text.plist.xml; path = Info.plist; sourceTree = "<group>"; };
		D2D4868523EF19D700BA4A8A /* main.m */ = {isa = PBXFileReference; lastKnownFileType = sourcecode.c.objc; path = main.m; sourceTree = "<group>"; };
/* End PBXFileReference section */

/* Begin PBXFrameworksBuildPhase section */
		D2D4866A23EF19D400BA4A8A /* Frameworks */ = {
			isa = PBXFrameworksBuildPhase;
			buildActionMask = 2147483647;
			files = (
			);
			runOnlyForDeploymentPostprocessing = 0;
		};
/* End PBXFrameworksBuildPhase section */

/* Begin PBXGroup section */
		D2D4866423EF19D400BA4A8A = {
			isa = PBXGroup;
			children = (
				D2D4866F23EF19D400BA4A8A /* MetalMSAADemo */,
				D2D4866E23EF19D400BA4A8A /* Products */,
			);
			sourceTree = "<group>";
		};
		D2D4866E23EF19D400BA4A8A /* Products */ = {
			isa = PBXGroup;
			children = (
				D2D4866D23EF19D400BA4A8A /* MetalMSAADemo.app */,
			);
			name = Products;
			sourceTree = "<group>";
		};
		D2D4866F23EF19D400BA4A8A /* MetalMSAADemo */ = {
			isa = PBXGroup;
			children = (
				D2D4867023EF19D400BA4A8A /* AppDelegate.h */,
				D2D4867123EF19D400BA4A8A /* AppDelegate.m */,
				D22870F223FEADFA005297F2 /* Renderer.h */,
				D22870F323FEADFA005297F2 /* Renderer.m */,
				D2D4040D23F10BB20006281D /* AAPLColorResolve.metal */,
				D2D4867623EF19D400BA4A8A /* GameViewController.h */,
				D2D4867723EF19D400BA4A8A /* GameViewController.m */,
				D2D4867923EF19D400BA4A8A /* Shaders.metal */,
				D2D4867B23EF19D400BA4A8A /* ShaderTypes.h */,
				D2D4867C23EF19D400BA4A8A /* Main.storyboard */,
				D2D4867F23EF19D700BA4A8A /* Assets.xcassets */,
				D2D4868123EF19D700BA4A8A /* LaunchScreen.storyboard */,
				D2D4868423EF19D700BA4A8A /* Info.plist */,
				D2D4868523EF19D700BA4A8A /* main.m */,
			);
			path = MetalMSAADemo;
			sourceTree = "<group>";
		};
/* End PBXGroup section */

/* Begin PBXNativeTarget section */
		D2D4866C23EF19D400BA4A8A /* MetalMSAADemo */ = {
			isa = PBXNativeTarget;
			buildConfigurationList = D2D4869F23EF19D700BA4A8A /* Build configuration list for PBXNativeTarget "MetalMSAADemo" */;
			buildPhases = (
				D2D4866923EF19D400BA4A8A /* Sources */,
				D2D4866A23EF19D400BA4A8A /* Frameworks */,
				D2D4866B23EF19D400BA4A8A /* Resources */,
			);
			buildRules = (
			);
			dependencies = (
			);
			name = MetalMSAADemo;
			productName = MetalGameDemo;
			productReference = D2D4866D23EF19D400BA4A8A /* MetalMSAADemo.app */;
			productType = "com.apple.product-type.application";
		};
/* End PBXNativeTarget section */

/* Begin PBXProject section */
		D2D4866523EF19D400BA4A8A /* Project object */ = {
			isa = PBXProject;
			attributes = {
				LastUpgradeCheck = 1110;
				ORGANIZATIONNAME = "Xinhou Jiang";
				TargetAttributes = {
					D2D4866C23EF19D400BA4A8A = {
						CreatedOnToolsVersion = 11.1;
					};
				};
			};
			buildConfigurationList = D2D4866823EF19D400BA4A8A /* Build configuration list for PBXProject "MetalMSAADemo" */;
			compatibilityVersion = "Xcode 9.3";
			developmentRegion = en;
			hasScannedForEncodings = 0;
			knownRegions = (
				en,
				Base,
			);
			mainGroup = D2D4866423EF19D400BA4A8A;
			productRefGroup = D2D4866E23EF19D400BA4A8A /* Products */;
			projectDirPath = "";
			projectRoot = "";
			targets = (
				D2D4866C23EF19D400BA4A8A /* MetalMSAADemo */,
			);
		};
/* End PBXProject section */

/* Begin PBXResourcesBuildPhase section */
		D2D4866B23EF19D400BA4A8A /* Resources */ = {
			isa = PBXResourcesBuildPhase;
			buildActionMask = 2147483647;
			files = (
				D2D4868323EF19D700BA4A8A /* LaunchScreen.storyboard in Resources */,
				D2D4868023EF19D700BA4A8A /* Assets.xcassets in Resources */,
				D2D4867E23EF19D400BA4A8A /* Main.storyboard in Resources */,
			);
			runOnlyForDeploymentPostprocessing = 0;
		};
/* End PBXResourcesBuildPhase section */

/* Begin PBXSourcesBuildPhase section */
		D2D4866923EF19D400BA4A8A /* Sources */ = {
			isa = PBXSourcesBuildPhase;
			buildActionMask = 2147483647;
			files = (
				D2D4868623EF19D700BA4A8A /* main.m in Sources */,
				D2D4867A23EF19D400BA4A8A /* Shaders.metal in Sources */,
				D22870F423FEADFB005297F2 /* Renderer.m in Sources */,
				D2D4040F23F10BB20006281D /* AAPLColorResolve.metal in Sources */,
				D2D4867823EF19D400BA4A8A /* GameViewController.m in Sources */,
				D2D4867223EF19D400BA4A8A /* AppDelegate.m in Sources */,
			);
			runOnlyForDeploymentPostprocessing = 0;
		};
/* End PBXSourcesBuildPhase section */

/* Begin PBXVariantGroup section */
		D2D4867C23EF19D400BA4A8A /* Main.storyboard */ = {
			isa = PBXVariantGroup;
			children = (
				D2D4867D23EF19D400BA4A8A /* Base */,
			);
			name = Main.storyboard;
			sourceTree = "<group>";
		};
		D2D4868123EF19D700BA4A8A /* LaunchScreen.storyboard */ = {
			isa = PBXVariantGroup;
			children = (
				D2D4868223EF19D700BA4A8A /* Base */,
			);
			name = LaunchScreen.storyboard;
			sourceTree = "<group>";
		};
/* End PBXVariantGroup section */

/* Begin XCBuildConfiguration section */
		D2D4869D23EF19D700BA4A8A /* Debug */ = {
			isa = XCBuildConfiguration;
			buildSettings = {
				ALWAYS_SEARCH_USER_PATHS = NO;
				CLANG_ANALYZER_NONNULL = YES;
				CLANG_ANALYZER_NUMBER_OBJECT_CONVERSION = YES_AGGRESSIVE;
				CLANG_CXX_LANGUAGE_STANDARD = "gnu++14";
				CLANG_CXX_LIBRARY = "libc++";
				CLANG_ENABLE_MODULES = YES;
				CLANG_ENABLE_OBJC_ARC = YES;
				CLANG_ENABLE_OBJC_WEAK = YES;
				CLANG_WARN_BLOCK_CAPTURE_AUTORELEASING = YES;
				CLANG_WARN_BOOL_CONVERSION = YES;
				CLANG_WARN_COMMA = YES;
				CLANG_WARN_CONSTANT_CONVERSION = YES;
				CLANG_WARN_DEPRECATED_OBJC_IMPLEMENTATIONS = YES;
				CLANG_WARN_DIRECT_OBJC_ISA_USAGE = YES_ERROR;
				CLANG_WARN_DOCUMENTATION_COMMENTS = YES;
				CLANG_WARN_EMPTY_BODY = YES;
				CLANG_WARN_ENUM_CONVERSION = YES;
				CLANG_WARN_INFINITE_RECURSION = YES;
				CLANG_WARN_INT_CONVERSION = YES;
				CLANG_WARN_NON_LITERAL_NULL_CONVERSION = YES;
				CLANG_WARN_OBJC_IMPLICIT_RETAIN_SELF = YES;
				CLANG_WARN_OBJC_LITERAL_CONVERSION = YES;
				CLANG_WARN_OBJC_ROOT_CLASS = YES_ERROR;
				CLANG_WARN_RANGE_LOOP_ANALYSIS = YES;
				CLANG_WARN_STRICT_PROTOTYPES = YES;
				CLANG_WARN_SUSPICIOUS_MOVE = YES;
				CLANG_WARN_UNGUARDED_AVAILABILITY = YES_AGGRESSIVE;
				CLANG_WARN_UNREACHABLE_CODE = YES;
				CLANG_WARN__DUPLICATE_METHOD_MATCH = YES;
				COPY_PHASE_STRIP = NO;
				DEBUG_INFORMATION_FORMAT = dwarf;
				ENABLE_STRICT_OBJC_MSGSEND = YES;
				ENABLE_TESTABILITY = YES;
				GCC_C_LANGUAGE_STANDARD = gnu11;
				GCC_DYNAMIC_NO_PIC = NO;
				GCC_NO_COMMON_BLOCKS = YES;
				GCC_OPTIMIZATION_LEVEL = 0;
				GCC_PREPROCESSOR_DEFINITIONS = (
					"DEBUG=1",
					"$(inherited)",
				);
				GCC_WARN_64_TO_32_BIT_CONVERSION = YES;
				GCC_WARN_ABOUT_RETURN_TYPE = YES_ERROR;
				GCC_WARN_UNDECLARED_SELECTOR = YES;
				GCC_WARN_UNINITIALIZED_AUTOS = YES_AGGRESSIVE;
				GCC_WARN_UNUSED_FUNCTION = YES;
				GCC_WARN_UNUSED_VARIABLE = YES;
				IPHONEOS_DEPLOYMENT_TARGET = 13.1;
				MTL_ENABLE_DEBUG_INFO = INCLUDE_SOURCE;
				MTL_FAST_MATH = YES;
				ONLY_ACTIVE_ARCH = YES;
				SDKROOT = iphoneos;
			};
			name = Debug;
		};
		D2D4869E23EF19D700BA4A8A /* Release */ = {
			isa = XCBuildConfiguration;
			buildSettings = {
				ALWAYS_SEARCH_USER_PATHS = NO;
				CLANG_ANALYZER_NONNULL = YES;
				CLANG_ANALYZER_NUMBER_OBJECT_CONVERSION = YES_AGGRESSIVE;
				CLANG_CXX_LANGUAGE_STANDARD = "gnu++14";
				CLANG_CXX_LIBRARY = "libc++";
				CLANG_ENABLE_MODULES = YES;
				CLANG_ENABLE_OBJC_ARC = YES;
				CLANG_ENABLE_OBJC_WEAK = YES;
				CLANG_WARN_BLOCK_CAPTURE_AUTORELEASING = YES;
				CLANG_WARN_BOOL_CONVERSION = YES;
				CLANG_WARN_COMMA = YES;
				CLANG_WARN_CONSTANT_CONVERSION = YES;
				CLANG_WARN_DEPRECATED_OBJC_IMPLEMENTATIONS = YES;
				CLANG_WARN_DIRECT_OBJC_ISA_USAGE = YES_ERROR;
				CLANG_WARN_DOCUMENTATION_COMMENTS = YES;
				CLANG_WARN_EMPTY_BODY = YES;
				CLANG_WARN_ENUM_CONVERSION = YES;
				CLANG_WARN_INFINITE_RECURSION = YES;
				CLANG_WARN_INT_CONVERSION = YES;
				CLANG_WARN_NON_LITERAL_NULL_CONVERSION = YES;
				CLANG_WARN_OBJC_IMPLICIT_RETAIN_SELF = YES;
				CLANG_WARN_OBJC_LITERAL_CONVERSION = YES;
				CLANG_WARN_OBJC_ROOT_CLASS = YES_ERROR;
				CLANG_WARN_RANGE_LOOP_ANALYSIS = YES;
				CLANG_WARN_STRICT_PROTOTYPES = YES;
				CLANG_WARN_SUSPICIOUS_MOVE = YES;
				CLANG_WARN_UNGUARDED_AVAILABILITY = YES_AGGRESSIVE;
				CLANG_WARN_UNREACHABLE_CODE = YES;
				CLANG_WARN__DUPLICATE_METHOD_MATCH = YES;
				COPY_PHASE_STRIP = NO;
				DEBUG_INFORMATION_FORMAT = "dwarf-with-dsym";
				ENABLE_NS_ASSERTIONS = NO;
				ENABLE_STRICT_OBJC_MSGSEND = YES;
				GCC_C_LANGUAGE_STANDARD = gnu11;
				GCC_NO_COMMON_BLOCKS = YES;
				GCC_WARN_64_TO_32_BIT_CONVERSION = YES;
				GCC_WARN_ABOUT_RETURN_TYPE = YES_ERROR;
				GCC_WARN_UNDECLARED_SELECTOR = YES;
				GCC_WARN_UNINITIALIZED_AUTOS = YES_AGGRESSIVE;
				GCC_WARN_UNUSED_FUNCTION = YES;
				GCC_WARN_UNUSED_VARIABLE = YES;
				IPHONEOS_DEPLOYMENT_TARGET = 13.1;
				MTL_ENABLE_DEBUG_INFO = NO;
				MTL_FAST_MATH = YES;
				SDKROOT = iphoneos;
				VALIDATE_PRODUCT = YES;
			};
			name = Release;
		};
		D2D486A023EF19D700BA4A8A /* Debug */ = {
			isa = XCBuildConfiguration;
			buildSettings = {
				ASSETCATALOG_COMPILER_APPICON_NAME = AppIcon;
				CODE_SIGN_STYLE = Automatic;
				DEVELOPMENT_TEAM = V4SYMZQA29;
				INFOPLIST_FILE = "$(SRCROOT)/MetalMSAADemo/Info.plist";
				IPHONEOS_DEPLOYMENT_TARGET = 13.1;
				LD_RUNPATH_SEARCH_PATHS = (
					"$(inherited)",
					"@executable_path/Frameworks",
				);
				PRODUCT_BUNDLE_IDENTIFIER = jxh.MetalGameDemotru;
				PRODUCT_NAME = "$(TARGET_NAME)";
				TARGETED_DEVICE_FAMILY = "1,2";
			};
			name = Debug;
		};
		D2D486A123EF19D700BA4A8A /* Release */ = {
			isa = XCBuildConfiguration;
			buildSettings = {
				ASSETCATALOG_COMPILER_APPICON_NAME = AppIcon;
				CODE_SIGN_STYLE = Automatic;
				DEVELOPMENT_TEAM = V4SYMZQA29;
				INFOPLIST_FILE = "$(SRCROOT)/MetalMSAADemo/Info.plist";
				IPHONEOS_DEPLOYMENT_TARGET = 13.1;
				LD_RUNPATH_SEARCH_PATHS = (
					"$(inherited)",
					"@executable_path/Frameworks",
				);
				PRODUCT_BUNDLE_IDENTIFIER = jxh.MetalGameDemotru;
				PRODUCT_NAME = "$(TARGET_NAME)";
				TARGETED_DEVICE_FAMILY = "1,2";
			};
			name = Release;
		};
/* End XCBuildConfiguration section */

/* Begin XCConfigurationList section */
		D2D4866823EF19D400BA4A8A /* Build configuration list for PBXProject "MetalMSAADemo" */ = {
			isa = XCConfigurationList;
			buildConfigurations = (
				D2D4869D23EF19D700BA4A8A /* Debug */,
				D2D4869E23EF19D700BA4A8A /* Release */,
			);
			defaultConfigurationIsVisible = 0;
			defaultConfigurationName = Release;
		};
		D2D4869F23EF19D700BA4A8A /* Build configuration list for PBXNativeTarget "MetalMSAADemo" */ = {
			isa = XCConfigurationList;
			buildConfigurations = (
				D2D486A023EF19D700BA4A8A /* Debug */,
				D2D486A123EF19D700BA4A8A /* Release */,
			);
			defaultConfigurationIsVisible = 0;
			defaultConfigurationName = Release;
		};
/* End XCConfigurationList section */
	};
	rootObject = D2D4866523EF19D400BA4A8A /* Project object */;
}
